#MicroXplorer Configuration settings - do not modify
Mcu.Family=STM32F4
ProjectManager.MainLocation=Core/Src
PA2.GPIO_PuPd=GPIO_PULLDOWN
ProjectManager.ProjectFileName=stm32f4-VL53L0X.ioc
USART2.IPParameters=VirtualMode
RCC.CortexFreq_Value=100000000
ProjectManager.KeepUserCode=true
Mcu.UserName=STM32F411RETx
Mcu.PinsNb=5
ProjectManager.NoMain=false
RCC.PLLCLKFreq_Value=100000000
RCC.PLLQCLKFreq_Value=50000000
PA3.GPIO_PuPd=GPIO_PULLDOWN
ProjectManager.functionlistsort=1-MX_GPIO_Init-GPIO-false-HAL-true,2-SystemClock_Config-RCC-false-HAL-false,3-MX_USART2_UART_Init-USART2-false-HAL-true,4-MX_I2C1_Init-I2C1-false-HAL-true
RCC.RTCFreq_Value=32000
PA3.GPIOParameters=GPIO_PuPd
ProjectManager.DefaultFWLocation=true
ProjectManager.DeletePrevious=true
RCC.APB1CLKDivider=RCC_HCLK_DIV2
boardIOC=true
PA2.GPIOParameters=GPIO_PuPd
PinOutPanel.RotationAngle=0
RCC.FamilyName=M
RCC.SYSCLKSource=RCC_SYSCLKSOURCE_PLLCLK
ProjectManager.StackSize=0x400
PA3.Mode=Asynchronous
Mcu.IP4=USART2
RCC.FCLKCortexFreq_Value=100000000
Mcu.IP2=RCC
NVIC.SVCall_IRQn=true\:0\:0\:false\:false\:true\:false\:false
Mcu.IP3=SYS
Mcu.IP0=I2C1
Mcu.IP1=NVIC
Mcu.UserConstants=
ProjectManager.TargetToolchain=STM32CubeIDE
Mcu.ThirdPartyNb=0
RCC.HCLKFreq_Value=100000000
Mcu.IPNb=5
RCC.I2SClocksFreq_Value=96000000
ProjectManager.PreviousToolchain=
PB9.Mode=I2C
RCC.APB2TimFreq_Value=100000000
RCC.VcooutputI2S=96000000
PB9.Locked=true
RCC.VCOInputMFreq_Value=1000000
ProjectManager.RegisterCallBack=
RCC.LSE_VALUE=32768
RCC.AHBFreq_Value=100000000
Mcu.Pin0=PA2
Mcu.Pin1=PA3
Mcu.Pin2=PB8
Mcu.Pin3=PB9
Mcu.Pin4=VP_SYS_VS_Systick
RCC.VCOI2SOutputFreq_Value=192000000
ProjectManager.ProjectBuild=false
RCC.HSE_VALUE=8000000
NVIC.UsageFault_IRQn=true\:0\:0\:false\:false\:true\:true\:false
NVIC.DebugMonitor_IRQn=true\:0\:0\:false\:false\:true\:true\:false
board=NUCLEO-F411RE
RCC.VCOOutputFreq_Value=200000000
NVIC.SysTick_IRQn=true\:0\:0\:true\:false\:true\:true\:true
ProjectManager.LastFirmware=true
ProjectManager.FirmwarePackage=STM32Cube FW_F4 V1.26.1
MxDb.Version=DB.6.0.21
RCC.APB2Freq_Value=100000000
ProjectManager.BackupPrevious=false
MxCube.Version=6.2.1
RCC.VCOInputFreq_Value=2000000
File.Version=6
VP_SYS_VS_Systick.Mode=SysTick
RCC.EthernetFreq_Value=100000000
PB8.Locked=true
NVIC.NonMaskableInt_IRQn=true\:0\:0\:false\:false\:true\:true\:false
NVIC.PendSV_IRQn=true\:0\:0\:false\:false\:true\:false\:false
ProjectManager.FreePins=false
RCC.IPParameters=48MHZClocksFreq_Value,AHBFreq_Value,APB1CLKDivider,APB1Freq_Value,APB1TimFreq_Value,APB2Freq_Value,APB2TimFreq_Value,CortexFreq_Value,EthernetFreq_Value,FCLKCortexFreq_Value,FLatency-AdvancedSettings,FamilyName,HCLKFreq_Value,HSE_VALUE,HSI_VALUE,I2SClocksFreq_Value,LSE_VALUE,LSI_VALUE,MCO2PinFreq_Value,PLLCLKFreq_Value,PLLM,PLLN,PLLQCLKFreq_Value,RTCFreq_Value,RTCHSEDivFreq_Value,SYSCLKFreq_VALUE,SYSCLKSource,VCOI2SOutputFreq_Value,VCOInputFreq_Value,VCOInputMFreq_Value,VCOOutputFreq_Value,VcooutputI2S
ProjectManager.AskForMigrate=true
Mcu.Name=STM32F411R(C-E)Tx
ProjectManager.HalAssertFull=false
RCC.RTCHSEDivFreq_Value=4000000
PA2.Signal=USART2_TX
ProjectManager.ProjectName=stm32f4-VL53L0X
ProjectManager.UnderRoot=true
RCC.FLatency-AdvancedSettings=FLASH_LATENCY_3
ProjectManager.CoupleFile=false
RCC.48MHZClocksFreq_Value=50000000
RCC.MCO2PinFreq_Value=100000000
RCC.SYSCLKFreq_VALUE=100000000
PB9.Signal=I2C1_SDA
Mcu.Package=LQFP64
NVIC.ForceEnableDMAVector=true
KeepUserPlacement=false
USART2.VirtualMode=VM_ASYNC
NVIC.MemoryManagement_IRQn=true\:0\:0\:false\:false\:true\:true\:false
ProjectManager.CompilerOptimize=6
ProjectManager.ToolChainLocation=
RCC.LSI_VALUE=32000
VP_SYS_VS_Systick.Signal=SYS_VS_Systick
ProjectManager.HeapSize=0x200
NVIC.HardFault_IRQn=true\:0\:0\:false\:false\:true\:true\:false
ProjectManager.ComputerToolchain=false
RCC.HSI_VALUE=16000000
NVIC.PriorityGroup=NVIC_PRIORITYGROUP_0
RCC.PLLM=8
PB8.Mode=I2C
RCC.PLLN=100
RCC.APB1TimFreq_Value=100000000
PB8.Signal=I2C1_SCL
PA2.Mode=Asynchronous
NVIC.BusFault_IRQn=true\:0\:0\:false\:false\:true\:true\:false
RCC.APB1Freq_Value=50000000
ProjectManager.CustomerFirmwarePackage=
ProjectManager.DeviceId=STM32F411RETx
ProjectManager.LibraryCopy=1
PA3.Signal=USART2_RX
isbadioc=false
